
Microsoft Visual Studio Solution File, Format Version 12.00
# Visual Studio Version 17
VisualStudioVersion = 17.0.31903.59
MinimumVisualStudioVersion = 10.0.40219.1
Project("{2150E333-8FDC-42A3-9474-1A3956D46DE8}") = "src", "src", "{827E0CD3-B72D-47B6-A68D-7590B98EB39B}"
EndProject
Project("{FAE04EC0-301F-11D3-BF4B-00C04F79EFBC}") = "MiniPdm.Api", "src\MiniPdm.Api\MiniPdm.Api.csproj", "{C1696866-B685-417B-BDA7-BACC15E34808}"
EndProject
Project("{FAE04EC0-301F-11D3-BF4B-00C04F79EFBC}") = "MiniPdm.Contracts", "src\MiniPdm.Contracts\MiniPdm.Contracts.csproj", "{6C870DB2-4F4B-4DA0-BC3A-30D68B0DEB38}"
EndProject
Project("{FAE04EC0-301F-11D3-BF4B-00C04F79EFBC}") = "MiniPdm.Domain", "src\MiniPdm.Domain\MiniPdm.Domain.csproj", "{3D1E7FAE-6F4B-4142-9648-96FB8150F36F}"
EndProject
Project("{FAE04EC0-301F-11D3-BF4B-00C04F79EFBC}") = "MiniPdm.Storage", "src\MiniPdm.Storage\MiniPdm.Storage.csproj", "{F3285DF4-4FBC-456D-94DC-F743BD1504C9}"
EndProject
Project("{2150E333-8FDC-42A3-9474-1A3956D46DE8}") = "Modules", "Modules", "{EC447DCF-ABFA-6E24-52A5-D7FD48A5C558}"
EndProject
Project("{FAE04EC0-301F-11D3-BF4B-00C04F79EFBC}") = "MiniPdm.Modules.Import", "src\Modules\MiniPdm.Modules.Import\MiniPdm.Modules.Import.csproj", "{E168CADB-2E79-4B78-9DED-48A42217C85E}"
EndProject
Project("{FAE04EC0-301F-11D3-BF4B-00C04F79EFBC}") = "MiniPdm.Modules.Objects", "src\Modules\MiniPdm.Modules.Objects\MiniPdm.Modules.Objects.csproj", "{AA27DD49-1E01-4D4A-86D7-C8D377E0B844}"
EndProject
Project("{FAE04EC0-301F-11D3-BF4B-00C04F79EFBC}") = "MiniPdm.Modules.Versions", "src\Modules\MiniPdm.Modules.Versions\MiniPdm.Modules.Versions.csproj", "{56279DD5-4F09-4EBA-A502-1D6DD835AA61}"
EndProject
Project("{FAE04EC0-301F-11D3-BF4B-00C04F79EFBC}") = "MiniPdm.Modules.Composition", "src\Modules\MiniPdm.Modules.Composition\MiniPdm.Modules.Composition.csproj", "{46A7750A-451A-4E64-90A7-A01ADF013067}"
EndProject
Project("{FAE04EC0-301F-11D3-BF4B-00C04F79EFBC}") = "MiniPdm.Modules.Calculations", "src\Modules\MiniPdm.Modules.Calculations\MiniPdm.Modules.Calculations.csproj", "{B6E16704-1644-4822-9D55-E853653ADEF0}"
EndProject
Project("{FAE04EC0-301F-11D3-BF4B-00C04F79EFBC}") = "MiniPdm.Modules.BackgroundTasks", "src\Modules\MiniPdm.Modules.BackgroundTasks\MiniPdm.Modules.BackgroundTasks.csproj", "{87D66DB1-426D-4FA6-97AD-135EB4D9C27B}"
EndProject
Project("{FAE04EC0-301F-11D3-BF4B-00C04F79EFBC}") = "MiniPdm.Desktop", "src\MiniPdm.Desktop\MiniPdm.Desktop.csproj", "{EDDC3833-31B9-4FBD-8AF5-892251392CE4}"
EndProject
Project("{2150E333-8FDC-42A3-9474-1A3956D46DE8}") = "tests", "tests", "{0AB3BF05-4346-4AA6-1389-037BE0695223}"
EndProject
Project("{FAE04EC0-301F-11D3-BF4B-00C04F79EFBC}") = "MiniPdm.Storage.Tests", "tests\MiniPdm.Storage.Tests\MiniPdm.Storage.Tests.csproj", "{3E109D3E-DE1E-4015-AF38-3C8545FF725A}"
EndProject
Project("{FAE04EC0-301F-11D3-BF4B-00C04F79EFBC}") = "MiniPdm.Modules.Tests", "tests\MiniPdm.Modules.Tests\MiniPdm.Modules.Tests.csproj", "{36AC285C-258D-45AD-91C2-4BBDBB52A528}"
EndProject
Project("{FAE04EC0-301F-11D3-BF4B-00C04F79EFBC}") = "MiniPdm.Desktop.Tests", "tests\MiniPdm.Desktop.Tests\MiniPdm.Desktop.Tests.csproj", "{327C2ADE-1886-446F-B073-B1ED8396BD4F}"
EndProject
Global
	GlobalSection(SolutionConfigurationPlatforms) = preSolution
		Debug|Any CPU = Debug|Any CPU
		Debug|x64 = Debug|x64
		Debug|x86 = Debug|x86
		Release|Any CPU = Release|Any CPU
		Release|x64 = Release|x64
		Release|x86 = Release|x86
	EndGlobalSection
	GlobalSection(ProjectConfigurationPlatforms) = postSolution
		{C1696866-B685-417B-BDA7-BACC15E34808}.Debug|Any CPU.ActiveCfg = Debug|Any CPU
		{C1696866-B685-417B-BDA7-BACC15E34808}.Debug|Any CPU.Build.0 = Debug|Any CPU
		{C1696866-B685-417B-BDA7-BACC15E34808}.Debug|x64.ActiveCfg = Debug|Any CPU
		{C1696866-B685-417B-BDA7-BACC15E34808}.Debug|x64.Build.0 = Debug|Any CPU
		{C1696866-B685-417B-BDA7-BACC15E34808}.Debug|x86.ActiveCfg = Debug|Any CPU
		{C1696866-B685-417B-BDA7-BACC15E34808}.Debug|x86.Build.0 = Debug|Any CPU
		{C1696866-B685-417B-BDA7-BACC15E34808}.Release|Any CPU.ActiveCfg = Release|Any CPU
		{C1696866-B685-417B-BDA7-BACC15E34808}.Release|Any CPU.Build.0 = Release|Any CPU
		{C1696866-B685-417B-BDA7-BACC15E34808}.Release|x64.ActiveCfg = Release|Any CPU
		{C1696866-B685-417B-BDA7-BACC15E34808}.Release|x64.Build.0 = Release|Any CPU
		{C1696866-B685-417B-BDA7-BACC15E34808}.Release|x86.ActiveCfg = Release|Any CPU
		{C1696866-B685-417B-BDA7-BACC15E34808}.Release|x86.Build.0 = Release|Any CPU
		{6C870DB2-4F4B-4DA0-BC3A-30D68B0DEB38}.Debug|Any CPU.ActiveCfg = Debug|Any CPU
		{6C870DB2-4F4B-4DA0-BC3A-30D68B0DEB38}.Debug|Any CPU.Build.0 = Debug|Any CPU
		{6C870DB2-4F4B-4DA0-BC3A-30D68B0DEB38}.Debug|x64.ActiveCfg = Debug|Any CPU
		{6C870DB2-4F4B-4DA0-BC3A-30D68B0DEB38}.Debug|x64.Build.0 = Debug|Any CPU
		{6C870DB2-4F4B-4DA0-BC3A-30D68B0DEB38}.Debug|x86.ActiveCfg = Debug|Any CPU
		{6C870DB2-4F4B-4DA0-BC3A-30D68B0DEB38}.Debug|x86.Build.0 = Debug|Any CPU
		{6C870DB2-4F4B-4DA0-BC3A-30D68B0DEB38}.Release|Any CPU.ActiveCfg = Release|Any CPU
		{6C870DB2-4F4B-4DA0-BC3A-30D68B0DEB38}.Release|Any CPU.Build.0 = Release|Any CPU
		{6C870DB2-4F4B-4DA0-BC3A-30D68B0DEB38}.Release|x64.ActiveCfg = Release|Any CPU
		{6C870DB2-4F4B-4DA0-BC3A-30D68B0DEB38}.Release|x64.Build.0 = Release|Any CPU
		{6C870DB2-4F4B-4DA0-BC3A-30D68B0DEB38}.Release|x86.ActiveCfg = Release|Any CPU
		{6C870DB2-4F4B-4DA0-BC3A-30D68B0DEB38}.Release|x86.Build.0 = Release|Any CPU
		{3D1E7FAE-6F4B-4142-9648-96FB8150F36F}.Debug|Any CPU.ActiveCfg = Debug|Any CPU
		{3D1E7FAE-6F4B-4142-9648-96FB8150F36F}.Debug|Any CPU.Build.0 = Debug|Any CPU
		{3D1E7FAE-6F4B-4142-9648-96FB8150F36F}.Debug|x64.ActiveCfg = Debug|Any CPU
		{3D1E7FAE-6F4B-4142-9648-96FB8150F36F}.Debug|x64.Build.0 = Debug|Any CPU
		{3D1E7FAE-6F4B-4142-9648-96FB8150F36F}.Debug|x86.ActiveCfg = Debug|Any CPU
		{3D1E7FAE-6F4B-4142-9648-96FB8150F36F}.Debug|x86.Build.0 = Debug|Any CPU
		{3D1E7FAE-6F4B-4142-9648-96FB8150F36F}.Release|Any CPU.ActiveCfg = Release|Any CPU
		{3D1E7FAE-6F4B-4142-9648-96FB8150F36F}.Release|Any CPU.Build.0 = Release|Any CPU
		{3D1E7FAE-6F4B-4142-9648-96FB8150F36F}.Release|x64.ActiveCfg = Release|Any CPU
		{3D1E7FAE-6F4B-4142-9648-96FB8150F36F}.Release|x64.Build.0 = Release|Any CPU
		{3D1E7FAE-6F4B-4142-9648-96FB8150F36F}.Release|x86.ActiveCfg = Release|Any CPU
		{3D1E7FAE-6F4B-4142-9648-96FB8150F36F}.Release|x86.Build.0 = Release|Any CPU
		{F3285DF4-4FBC-456D-94DC-F743BD1504C9}.Debug|Any CPU.ActiveCfg = Debug|Any CPU
		{F3285DF4-4FBC-456D-94DC-F743BD1504C9}.Debug|Any CPU.Build.0 = Debug|Any CPU
		{F3285DF4-4FBC-456D-94DC-F743BD1504C9}.Debug|x64.ActiveCfg = Debug|Any CPU
		{F3285DF4-4FBC-456D-94DC-F743BD1504C9}.Debug|x64.Build.0 = Debug|Any CPU
		{F3285DF4-4FBC-456D-94DC-F743BD1504C9}.Debug|x86.ActiveCfg = Debug|Any CPU
		{F3285DF4-4FBC-456D-94DC-F743BD1504C9}.Debug|x86.Build.0 = Debug|Any CPU
		{F3285DF4-4FBC-456D-94DC-F743BD1504C9}.Release|Any CPU.ActiveCfg = Release|Any CPU
		{F3285DF4-4FBC-456D-94DC-F743BD1504C9}.Release|Any CPU.Build.0 = Release|Any CPU
		{F3285DF4-4FBC-456D-94DC-F743BD1504C9}.Release|x64.ActiveCfg = Release|Any CPU
		{F3285DF4-4FBC-456D-94DC-F743BD1504C9}.Release|x64.Build.0 = Release|Any CPU
		{F3285DF4-4FBC-456D-94DC-F743BD1504C9}.Release|x86.ActiveCfg = Release|Any CPU
		{F3285DF4-4FBC-456D-94DC-F743BD1504C9}.Release|x86.Build.0 = Release|Any CPU
		{E168CADB-2E79-4B78-9DED-48A42217C85E}.Debug|Any CPU.ActiveCfg = Debug|Any CPU
		{E168CADB-2E79-4B78-9DED-48A42217C85E}.Debug|Any CPU.Build.0 = Debug|Any CPU
		{E168CADB-2E79-4B78-9DED-48A42217C85E}.Debug|x64.ActiveCfg = Debug|Any CPU
		{E168CADB-2E79-4B78-9DED-48A42217C85E}.Debug|x64.Build.0 = Debug|Any CPU
		{E168CADB-2E79-4B78-9DED-48A42217C85E}.Debug|x86.ActiveCfg = Debug|Any CPU
		{E168CADB-2E79-4B78-9DED-48A42217C85E}.Debug|x86.Build.0 = Debug|Any CPU
		{E168CADB-2E79-4B78-9DED-48A42217C85E}.Release|Any CPU.ActiveCfg = Release|Any CPU
		{E168CADB-2E79-4B78-9DED-48A42217C85E}.Release|Any CPU.Build.0 = Release|Any CPU
		{E168CADB-2E79-4B78-9DED-48A42217C85E}.Release|x64.ActiveCfg = Release|Any CPU
		{E168CADB-2E79-4B78-9DED-48A42217C85E}.Release|x64.Build.0 = Release|Any CPU
		{E168CADB-2E79-4B78-9DED-48A42217C85E}.Release|x86.ActiveCfg = Release|Any CPU
		{E168CADB-2E79-4B78-9DED-48A42217C85E}.Release|x86.Build.0 = Release|Any CPU
		{AA27DD49-1E01-4D4A-86D7-C8D377E0B844}.Debug|Any CPU.ActiveCfg = Debug|Any CPU
		{AA27DD49-1E01-4D4A-86D7-C8D377E0B844}.Debug|Any CPU.Build.0 = Debug|Any CPU
		{AA27DD49-1E01-4D4A-86D7-C8D377E0B844}.Debug|x64.ActiveCfg = Debug|Any CPU
		{AA27DD49-1E01-4D4A-86D7-C8D377E0B844}.Debug|x64.Build.0 = Debug|Any CPU
		{AA27DD49-1E01-4D4A-86D7-C8D377E0B844}.Debug|x86.ActiveCfg = Debug|Any CPU
		{AA27DD49-1E01-4D4A-86D7-C8D377E0B844}.Debug|x86.Build.0 = Debug|Any CPU
		{AA27DD49-1E01-4D4A-86D7-C8D377E0B844}.Release|Any CPU.ActiveCfg = Release|Any CPU
		{AA27DD49-1E01-4D4A-86D7-C8D377E0B844}.Release|Any CPU.Build.0 = Release|Any CPU
		{AA27DD49-1E01-4D4A-86D7-C8D377E0B844}.Release|x64.ActiveCfg = Release|Any CPU
		{AA27DD49-1E01-4D4A-86D7-C8D377E0B844}.Release|x64.Build.0 = Release|Any CPU
		{AA27DD49-1E01-4D4A-86D7-C8D377E0B844}.Release|x86.ActiveCfg = Release|Any CPU
		{AA27DD49-1E01-4D4A-86D7-C8D377E0B844}.Release|x86.Build.0 = Release|Any CPU
		{56279DD5-4F09-4EBA-A502-1D6DD835AA61}.Debug|Any CPU.ActiveCfg = Debug|Any CPU
		{56279DD5-4F09-4EBA-A502-1D6DD835AA61}.Debug|Any CPU.Build.0 = Debug|Any CPU
		{56279DD5-4F09-4EBA-A502-1D6DD835AA61}.Debug|x64.ActiveCfg = Debug|Any CPU
		{56279DD5-4F09-4EBA-A502-1D6DD835AA61}.Debug|x64.Build.0 = Debug|Any CPU
		{56279DD5-4F09-4EBA-A502-1D6DD835AA61}.Debug|x86.ActiveCfg = Debug|Any CPU
		{56279DD5-4F09-4EBA-A502-1D6DD835AA61}.Debug|x86.Build.0 = Debug|Any CPU
		{56279DD5-4F09-4EBA-A502-1D6DD835AA61}.Release|Any CPU.ActiveCfg = Release|Any CPU
		{56279DD5-4F09-4EBA-A502-1D6DD835AA61}.Release|Any CPU.Build.0 = Release|Any CPU
		{56279DD5-4F09-4EBA-A502-1D6DD835AA61}.Release|x64.ActiveCfg = Release|Any CPU
		{56279DD5-4F09-4EBA-A502-1D6DD835AA61}.Release|x64.Build.0 = Release|Any CPU
		{56279DD5-4F09-4EBA-A502-1D6DD835AA61}.Release|x86.ActiveCfg = Release|Any CPU
		{56279DD5-4F09-4EBA-A502-1D6DD835AA61}.Release|x86.Build.0 = Release|Any CPU
		{46A7750A-451A-4E64-90A7-A01ADF013067}.Debug|Any CPU.ActiveCfg = Debug|Any CPU
		{46A7750A-451A-4E64-90A7-A01ADF013067}.Debug|Any CPU.Build.0 = Debug|Any CPU
		{46A7750A-451A-4E64-90A7-A01ADF013067}.Debug|x64.ActiveCfg = Debug|Any CPU
		{46A7750A-451A-4E64-90A7-A01ADF013067}.Debug|x64.Build.0 = Debug|Any CPU
		{46A7750A-451A-4E64-90A7-A01ADF013067}.Debug|x86.ActiveCfg = Debug|Any CPU
		{46A7750A-451A-4E64-90A7-A01ADF013067}.Debug|x86.Build.0 = Debug|Any CPU
		{46A7750A-451A-4E64-90A7-A01ADF013067}.Release|Any CPU.ActiveCfg = Release|Any CPU
		{46A7750A-451A-4E64-90A7-A01ADF013067}.Release|Any CPU.Build.0 = Release|Any CPU
		{46A7750A-451A-4E64-90A7-A01ADF013067}.Release|x64.ActiveCfg = Release|Any CPU
		{46A7750A-451A-4E64-90A7-A01ADF013067}.Release|x64.Build.0 = Release|Any CPU
		{46A7750A-451A-4E64-90A7-A01ADF013067}.Release|x86.ActiveCfg = Release|Any CPU
		{46A7750A-451A-4E64-90A7-A01ADF013067}.Release|x86.Build.0 = Release|Any CPU
		{B6E16704-1644-4822-9D55-E853653ADEF0}.Debug|Any CPU.ActiveCfg = Debug|Any CPU
		{B6E16704-1644-4822-9D55-E853653ADEF0}.Debug|Any CPU.Build.0 = Debug|Any CPU
		{B6E16704-1644-4822-9D55-E853653ADEF0}.Debug|x64.ActiveCfg = Debug|Any CPU
		{B6E16704-1644-4822-9D55-E853653ADEF0}.Debug|x64.Build.0 = Debug|Any CPU
		{B6E16704-1644-4822-9D55-E853653ADEF0}.Debug|x86.ActiveCfg = Debug|Any CPU
		{B6E16704-1644-4822-9D55-E853653ADEF0}.Debug|x86.Build.0 = Debug|Any CPU
		{B6E16704-1644-4822-9D55-E853653ADEF0}.Release|Any CPU.ActiveCfg = Release|Any CPU
		{B6E16704-1644-4822-9D55-E853653ADEF0}.Release|Any CPU.Build.0 = Release|Any CPU
		{B6E16704-1644-4822-9D55-E853653ADEF0}.Release|x64.ActiveCfg = Release|Any CPU
		{B6E16704-1644-4822-9D55-E853653ADEF0}.Release|x64.Build.0 = Release|Any CPU
		{B6E16704-1644-4822-9D55-E853653ADEF0}.Release|x86.ActiveCfg = Release|Any CPU
		{B6E16704-1644-4822-9D55-E853653ADEF0}.Release|x86.Build.0 = Release|Any CPU
		{87D66DB1-426D-4FA6-97AD-135EB4D9C27B}.Debug|Any CPU.ActiveCfg = Debug|Any CPU
		{87D66DB1-426D-4FA6-97AD-135EB4D9C27B}.Debug|Any CPU.Build.0 = Debug|Any CPU
		{87D66DB1-426D-4FA6-97AD-135EB4D9C27B}.Debug|x64.ActiveCfg = Debug|Any CPU
		{87D66DB1-426D-4FA6-97AD-135EB4D9C27B}.Debug|x64.Build.0 = Debug|Any CPU
		{87D66DB1-426D-4FA6-97AD-135EB4D9C27B}.Debug|x86.ActiveCfg = Debug|Any CPU
		{87D66DB1-426D-4FA6-97AD-135EB4D9C27B}.Debug|x86.Build.0 = Debug|Any CPU
		{87D66DB1-426D-4FA6-97AD-135EB4D9C27B}.Release|Any CPU.ActiveCfg = Release|Any CPU
		{87D66DB1-426D-4FA6-97AD-135EB4D9C27B}.Release|Any CPU.Build.0 = Release|Any CPU
		{87D66DB1-426D-4FA6-97AD-135EB4D9C27B}.Release|x64.ActiveCfg = Release|Any CPU
		{87D66DB1-426D-4FA6-97AD-135EB4D9C27B}.Release|x64.Build.0 = Release|Any CPU
		{87D66DB1-426D-4FA6-97AD-135EB4D9C27B}.Release|x86.ActiveCfg = Release|Any CPU
		{87D66DB1-426D-4FA6-97AD-135EB4D9C27B}.Release|x86.Build.0 = Release|Any CPU
		{EDDC3833-31B9-4FBD-8AF5-892251392CE4}.Debug|Any CPU.ActiveCfg = Debug|Any CPU
		{EDDC3833-31B9-4FBD-8AF5-892251392CE4}.Debug|Any CPU.Build.0 = Debug|Any CPU
		{EDDC3833-31B9-4FBD-8AF5-892251392CE4}.Debug|x64.ActiveCfg = Debug|Any CPU
		{EDDC3833-31B9-4FBD-8AF5-892251392CE4}.Debug|x64.Build.0 = Debug|Any CPU
		{EDDC3833-31B9-4FBD-8AF5-892251392CE4}.Debug|x86.ActiveCfg = Debug|Any CPU
		{EDDC3833-31B9-4FBD-8AF5-892251392CE4}.Debug|x86.Build.0 = Debug|Any CPU
		{EDDC3833-31B9-4FBD-8AF5-892251392CE4}.Release|Any CPU.ActiveCfg = Release|Any CPU
		{EDDC3833-31B9-4FBD-8AF5-892251392CE4}.Release|Any CPU.Build.0 = Release|Any CPU
		{EDDC3833-31B9-4FBD-8AF5-892251392CE4}.Release|x64.ActiveCfg = Release|Any CPU
		{EDDC3833-31B9-4FBD-8AF5-892251392CE4}.Release|x64.Build.0 = Release|Any CPU
		{EDDC3833-31B9-4FBD-8AF5-892251392CE4}.Release|x86.ActiveCfg = Release|Any CPU
		{EDDC3833-31B9-4FBD-8AF5-892251392CE4}.Release|x86.Build.0 = Release|Any CPU
		{3E109D3E-DE1E-4015-AF38-3C8545FF725A}.Debug|Any CPU.ActiveCfg = Debug|Any CPU
		{3E109D3E-DE1E-4015-AF38-3C8545FF725A}.Debug|Any CPU.Build.0 = Debug|Any CPU
		{3E109D3E-DE1E-4015-AF38-3C8545FF725A}.Debug|x64.ActiveCfg = Debug|Any CPU
		{3E109D3E-DE1E-4015-AF38-3C8545FF725A}.Debug|x64.Build.0 = Debug|Any CPU
		{3E109D3E-DE1E-4015-AF38-3C8545FF725A}.Debug|x86.ActiveCfg = Debug|Any CPU
		{3E109D3E-DE1E-4015-AF38-3C8545FF725A}.Debug|x86.Build.0 = Debug|Any CPU
		{3E109D3E-DE1E-4015-AF38-3C8545FF725A}.Release|Any CPU.ActiveCfg = Release|Any CPU
		{3E109D3E-DE1E-4015-AF38-3C8545FF725A}.Release|Any CPU.Build.0 = Release|Any CPU
		{3E109D3E-DE1E-4015-AF38-3C8545FF725A}.Release|x64.ActiveCfg = Release|Any CPU
		{3E109D3E-DE1E-4015-AF38-3C8545FF725A}.Release|x64.Build.0 = Release|Any CPU
		{3E109D3E-DE1E-4015-AF38-3C8545FF725A}.Release|x86.ActiveCfg = Release|Any CPU
		{3E109D3E-DE1E-4015-AF38-3C8545FF725A}.Release|x86.Build.0 = Release|Any CPU
		{36AC285C-258D-45AD-91C2-4BBDBB52A528}.Debug|Any CPU.ActiveCfg = Debug|Any CPU
		{36AC285C-258D-45AD-91C2-4BBDBB52A528}.Debug|Any CPU.Build.0 = Debug|Any CPU
		{36AC285C-258D-45AD-91C2-4BBDBB52A528}.Debug|x64.ActiveCfg = Debug|Any CPU
		{36AC285C-258D-45AD-91C2-4BBDBB52A528}.Debug|x64.Build.0 = Debug|Any CPU
		{36AC285C-258D-45AD-91C2-4BBDBB52A528}.Debug|x86.ActiveCfg = Debug|Any CPU
		{36AC285C-258D-45AD-91C2-4BBDBB52A528}.Debug|x86.Build.0 = Debug|Any CPU
		{36AC285C-258D-45AD-91C2-4BBDBB52A528}.Release|Any CPU.ActiveCfg = Release|Any CPU
		{36AC285C-258D-45AD-91C2-4BBDBB52A528}.Release|Any CPU.Build.0 = Release|Any CPU
		{36AC285C-258D-45AD-91C2-4BBDBB52A528}.Release|x64.ActiveCfg = Release|Any CPU
		{36AC285C-258D-45AD-91C2-4BBDBB52A528}.Release|x64.Build.0 = Release|Any CPU
		{36AC285C-258D-45AD-91C2-4BBDBB52A528}.Release|x86.ActiveCfg = Release|Any CPU
		{36AC285C-258D-45AD-91C2-4BBDBB52A528}.Release|x86.Build.0 = Release|Any CPU
		{327C2ADE-1886-446F-B073-B1ED8396BD4F}.Debug|Any CPU.ActiveCfg = Debug|Any CPU
		{327C2ADE-1886-446F-B073-B1ED8396BD4F}.Debug|Any CPU.Build.0 = Debug|Any CPU
		{327C2ADE-1886-446F-B073-B1ED8396BD4F}.Debug|x64.ActiveCfg = Debug|Any CPU
		{327C2ADE-1886-446F-B073-B1ED8396BD4F}.Debug|x64.Build.0 = Debug|Any CPU
		{327C2ADE-1886-446F-B073-B1ED8396BD4F}.Debug|x86.ActiveCfg = Debug|Any CPU
		{327C2ADE-1886-446F-B073-B1ED8396BD4F}.Debug|x86.Build.0 = Debug|Any CPU
		{327C2ADE-1886-446F-B073-B1ED8396BD4F}.Release|Any CPU.ActiveCfg = Release|Any CPU
		{327C2ADE-1886-446F-B073-B1ED8396BD4F}.Release|Any CPU.Build.0 = Release|Any CPU
		{327C2ADE-1886-446F-B073-B1ED8396BD4F}.Release|x64.ActiveCfg = Release|Any CPU
		{327C2ADE-1886-446F-B073-B1ED8396BD4F}.Release|x64.Build.0 = Release|Any CPU
		{327C2ADE-1886-446F-B073-B1ED8396BD4F}.Release|x86.ActiveCfg = Release|Any CPU
		{327C2ADE-1886-446F-B073-B1ED8396BD4F}.Release|x86.Build.0 = Release|Any CPU
	EndGlobalSection
	GlobalSection(SolutionProperties) = preSolution
		HideSolutionNode = FALSE
	EndGlobalSection
	GlobalSection(NestedProjects) = preSolution
		{C1696866-B685-417B-BDA7-BACC15E34808} = {827E0CD3-B72D-47B6-A68D-7590B98EB39B}
		{6C870DB2-4F4B-4DA0-BC3A-30D68B0DEB38} = {827E0CD3-B72D-47B6-A68D-7590B98EB39B}
		{3D1E7FAE-6F4B-4142-9648-96FB8150F36F} = {827E0CD3-B72D-47B6-A68D-7590B98EB39B}
		{F3285DF4-4FBC-456D-94DC-F743BD1504C9} = {827E0CD3-B72D-47B6-A68D-7590B98EB39B}
		{EC447DCF-ABFA-6E24-52A5-D7FD48A5C558} = {827E0CD3-B72D-47B6-A68D-7590B98EB39B}
		{E168CADB-2E79-4B78-9DED-48A42217C85E} = {EC447DCF-ABFA-6E24-52A5-D7FD48A5C558}
		{AA27DD49-1E01-4D4A-86D7-C8D377E0B844} = {EC447DCF-ABFA-6E24-52A5-D7FD48A5C558}
		{56279DD5-4F09-4EBA-A502-1D6DD835AA61} = {EC447DCF-ABFA-6E24-52A5-D7FD48A5C558}
		{46A7750A-451A-4E64-90A7-A01ADF013067} = {EC447DCF-ABFA-6E24-52A5-D7FD48A5C558}
		{B6E16704-1644-4822-9D55-E853653ADEF0} = {EC447DCF-ABFA-6E24-52A5-D7FD48A5C558}
		{87D66DB1-426D-4FA6-97AD-135EB4D9C27B} = {EC447DCF-ABFA-6E24-52A5-D7FD48A5C558}
		{EDDC3833-31B9-4FBD-8AF5-892251392CE4} = {827E0CD3-B72D-47B6-A68D-7590B98EB39B}
		{3E109D3E-DE1E-4015-AF38-3C8545FF725A} = {0AB3BF05-4346-4AA6-1389-037BE0695223}
		{36AC285C-258D-45AD-91C2-4BBDBB52A528} = {0AB3BF05-4346-4AA6-1389-037BE0695223}
		{327C2ADE-1886-446F-B073-B1ED8396BD4F} = {0AB3BF05-4346-4AA6-1389-037BE0695223}
	EndGlobalSection
EndGlobal
